
Microsoft Visual Studio Solution File, Format Version 12.00
# Visual Studio Version 16
VisualStudioVersion = 16.0.30105.148
MinimumVisualStudioVersion = 10.0.40219.1
Project("{2150E333-8FDC-42A3-9474-1A3956D46DE8}") = "Solution Items", "Solution Items", "{145C91F8-4DEC-42D3-B51D-7E7543E8FBCE}"
	ProjectSection(SolutionItems) = preProject
		AssemblyInfo.Common.cs = AssemblyInfo.Common.cs
		AssemblyInfo.props = AssemblyInfo.props
		CrystalBoy.snk = CrystalBoy.snk
		Directory.Build.props = Directory.Build.props
		Directory.Build.targets = Directory.Build.targets
		ReadMe.md = ReadMe.md
		ToDo.txt = ToDo.txt
	EndProjectSection
EndProject
Project("{2150E333-8FDC-42A3-9474-1A3956D46DE8}") = "Documentation", "Documentation", "{F62946A5-1C11-4934-9A97-86E3D34F6EE4}"
	ProjectSection(SolutionItems) = preProject
		Documentation\GBZ80Opcodes.pdf = Documentation\GBZ80Opcodes.pdf
	EndProjectSection
EndProject
Project("{FAE04EC0-301F-11D3-BF4B-00C04F79EFBC}") = "CrystalBoy.Decompiler", "CrystalBoy.Decompiler\CrystalBoy.Decompiler.csproj", "{B5E59861-198D-4494-9301-B0B4135667DA}"
EndProject
Project("{FAE04EC0-301F-11D3-BF4B-00C04F79EFBC}") = "CrystalBoy.Core.OpcodeTableGenerator", "CrystalBoy.Core.OpcodeTableGenerator\CrystalBoy.Core.OpcodeTableGenerator.csproj", "{64472336-07E7-4879-9A07-A8DD98B763A1}"
EndProject
Project("{FAE04EC0-301F-11D3-BF4B-00C04F79EFBC}") = "CrystalBoy.Core", "CrystalBoy.Core\CrystalBoy.Core.csproj", "{021D266F-0D9F-4FCD-A0A9-25D0823A46B6}"
	ProjectSection(ProjectDependencies) = postProject
		{64472336-07E7-4879-9A07-A8DD98B763A1} = {64472336-07E7-4879-9A07-A8DD98B763A1}
		{71B95B4F-60ED-4E17-8F7B-281C8F07DC17} = {71B95B4F-60ED-4E17-8F7B-281C8F07DC17}
		{4F8015C9-70E1-44CD-83D3-8A1E9D6CF74E} = {4F8015C9-70E1-44CD-83D3-8A1E9D6CF74E}
	EndProjectSection
EndProject
Project("{FAE04EC0-301F-11D3-BF4B-00C04F79EFBC}") = "CrystalBoy.Emulator", "CrystalBoy.Emulator\CrystalBoy.Emulator.csproj", "{576E8DDB-67FD-4948-9B83-1C732AAC3175}"
EndProject
Project("{FAE04EC0-301F-11D3-BF4B-00C04F79EFBC}") = "CrystalBoy.Emulation", "CrystalBoy.Emulation\CrystalBoy.Emulation.csproj", "{48489DFD-05FC-4AF5-B238-15912EC77719}"
EndProject
Project("{FAE04EC0-301F-11D3-BF4B-00C04F79EFBC}") = "CrystalBoy.Core.BuildMakerDictionary", "CrystalBoy.Core.BuildMakerDictionary\CrystalBoy.Core.BuildMakerDictionary.csproj", "{71B95B4F-60ED-4E17-8F7B-281C8F07DC17}"
EndProject
Project("{FAE04EC0-301F-11D3-BF4B-00C04F79EFBC}") = "CrystalBoy.Core.Windows.Forms", "CrystalBoy.Core.Windows.Forms\CrystalBoy.Core.Windows.Forms.csproj", "{313CC75C-4F18-40BC-82A2-05A818D460DB}"
EndProject
Project("{FAE04EC0-301F-11D3-BF4B-00C04F79EFBC}") = "CrystalBoy.VisualAssembler", "CrystalBoy.VisualAssembler\CrystalBoy.VisualAssembler.csproj", "{2B4B6C75-CE39-4316-A485-C6D3BFEECA59}"
EndProject
Project("{FAE04EC0-301F-11D3-BF4B-00C04F79EFBC}") = "CrystalBoy.Emulator.Rendering.SharpDX", "CrystalBoy.Emulator.Rendering.SharpDX\CrystalBoy.Emulator.Rendering.SharpDX.csproj", "{7FD501EC-302B-4D7B-BCA3-F96F187E5A4E}"
EndProject
Project("{FAE04EC0-301F-11D3-BF4B-00C04F79EFBC}") = "CrystalBoy.Emulation.Windows.Forms", "CrystalBoy.Emulation.Windows.Forms\CrystalBoy.Emulation.Windows.Forms.csproj", "{8D6C649A-4058-47FF-849A-66ACD22FE5AD}"
EndProject
Project("{FAE04EC0-301F-11D3-BF4B-00C04F79EFBC}") = "Weavers", "Weavers\Weavers.csproj", "{4F8015C9-70E1-44CD-83D3-8A1E9D6CF74E}"
EndProject
Project("{FAE04EC0-301F-11D3-BF4B-00C04F79EFBC}") = "CrystalBoy.Emulator.Wpf", "CrystalBoy.Emulator.Wpf\CrystalBoy.Emulator.Wpf.csproj", "{24DFE0C0-5EAD-42E9-9FA7-D9D013CF9B1E}"
EndProject
Global
	GlobalSection(SolutionConfigurationPlatforms) = preSolution
		Debug|Any CPU = Debug|Any CPU
		Release|Any CPU = Release|Any CPU
	EndGlobalSection
	GlobalSection(ProjectConfigurationPlatforms) = postSolution
		{B5E59861-198D-4494-9301-B0B4135667DA}.Debug|Any CPU.ActiveCfg = Debug|Any CPU
		{B5E59861-198D-4494-9301-B0B4135667DA}.Debug|Any CPU.Build.0 = Debug|Any CPU
		{B5E59861-198D-4494-9301-B0B4135667DA}.Release|Any CPU.ActiveCfg = Release|Any CPU
		{B5E59861-198D-4494-9301-B0B4135667DA}.Release|Any CPU.Build.0 = Release|Any CPU
		{64472336-07E7-4879-9A07-A8DD98B763A1}.Debug|Any CPU.ActiveCfg = Debug|Any CPU
		{64472336-07E7-4879-9A07-A8DD98B763A1}.Debug|Any CPU.Build.0 = Debug|Any CPU
		{64472336-07E7-4879-9A07-A8DD98B763A1}.Release|Any CPU.ActiveCfg = Release|Any CPU
		{64472336-07E7-4879-9A07-A8DD98B763A1}.Release|Any CPU.Build.0 = Release|Any CPU
		{021D266F-0D9F-4FCD-A0A9-25D0823A46B6}.Debug|Any CPU.ActiveCfg = Debug|Any CPU
		{021D266F-0D9F-4FCD-A0A9-25D0823A46B6}.Debug|Any CPU.Build.0 = Debug|Any CPU
		{021D266F-0D9F-4FCD-A0A9-25D0823A46B6}.Release|Any CPU.ActiveCfg = Release|Any CPU
		{021D266F-0D9F-4FCD-A0A9-25D0823A46B6}.Release|Any CPU.Build.0 = Release|Any CPU
		{576E8DDB-67FD-4948-9B83-1C732AAC3175}.Debug|Any CPU.ActiveCfg = Debug|Any CPU
		{576E8DDB-67FD-4948-9B83-1C732AAC3175}.Debug|Any CPU.Build.0 = Debug|Any CPU
		{576E8DDB-67FD-4948-9B83-1C732AAC3175}.Release|Any CPU.ActiveCfg = Release|Any CPU
		{576E8DDB-67FD-4948-9B83-1C732AAC3175}.Release|Any CPU.Build.0 = Release|Any CPU
		{48489DFD-05FC-4AF5-B238-15912EC77719}.Debug|Any CPU.ActiveCfg = Debug|Any CPU
		{48489DFD-05FC-4AF5-B238-15912EC77719}.Debug|Any CPU.Build.0 = Debug|Any CPU
		{48489DFD-05FC-4AF5-B238-15912EC77719}.Release|Any CPU.ActiveCfg = Release|Any CPU
		{48489DFD-05FC-4AF5-B238-15912EC77719}.Release|Any CPU.Build.0 = Release|Any CPU
		{71B95B4F-60ED-4E17-8F7B-281C8F07DC17}.Debug|Any CPU.ActiveCfg = Debug|Any CPU
		{71B95B4F-60ED-4E17-8F7B-281C8F07DC17}.Debug|Any CPU.Build.0 = Debug|Any CPU
		{71B95B4F-60ED-4E17-8F7B-281C8F07DC17}.Release|Any CPU.ActiveCfg = Release|Any CPU
		{71B95B4F-60ED-4E17-8F7B-281C8F07DC17}.Release|Any CPU.Build.0 = Release|Any CPU
		{313CC75C-4F18-40BC-82A2-05A818D460DB}.Debug|Any CPU.ActiveCfg = Debug|Any CPU
		{313CC75C-4F18-40BC-82A2-05A818D460DB}.Debug|Any CPU.Build.0 = Debug|Any CPU
		{313CC75C-4F18-40BC-82A2-05A818D460DB}.Release|Any CPU.ActiveCfg = Release|Any CPU
		{313CC75C-4F18-40BC-82A2-05A818D460DB}.Release|Any CPU.Build.0 = Release|Any CPU
		{2B4B6C75-CE39-4316-A485-C6D3BFEECA59}.Debug|Any CPU.ActiveCfg = Debug|Any CPU
		{2B4B6C75-CE39-4316-A485-C6D3BFEECA59}.Debug|Any CPU.Build.0 = Debug|Any CPU
		{2B4B6C75-CE39-4316-A485-C6D3BFEECA59}.Release|Any CPU.ActiveCfg = Release|Any CPU
		{2B4B6C75-CE39-4316-A485-C6D3BFEECA59}.Release|Any CPU.Build.0 = Release|Any CPU
		{7FD501EC-302B-4D7B-BCA3-F96F187E5A4E}.Debug|Any CPU.ActiveCfg = Debug|Any CPU
		{7FD501EC-302B-4D7B-BCA3-F96F187E5A4E}.Debug|Any CPU.Build.0 = Debug|Any CPU
		{7FD501EC-302B-4D7B-BCA3-F96F187E5A4E}.Release|Any CPU.ActiveCfg = Release|Any CPU
		{7FD501EC-302B-4D7B-BCA3-F96F187E5A4E}.Release|Any CPU.Build.0 = Release|Any CPU
		{8D6C649A-4058-47FF-849A-66ACD22FE5AD}.Debug|Any CPU.ActiveCfg = Debug|Any CPU
		{8D6C649A-4058-47FF-849A-66ACD22FE5AD}.Debug|Any CPU.Build.0 = Debug|Any CPU
		{8D6C649A-4058-47FF-849A-66ACD22FE5AD}.Release|Any CPU.ActiveCfg = Release|Any CPU
		{8D6C649A-4058-47FF-849A-66ACD22FE5AD}.Release|Any CPU.Build.0 = Release|Any CPU
		{4F8015C9-70E1-44CD-83D3-8A1E9D6CF74E}.Debug|Any CPU.ActiveCfg = Debug|Any CPU
		{4F8015C9-70E1-44CD-83D3-8A1E9D6CF74E}.Debug|Any CPU.Build.0 = Debug|Any CPU
		{4F8015C9-70E1-44CD-83D3-8A1E9D6CF74E}.Release|Any CPU.ActiveCfg = Release|Any CPU
		{4F8015C9-70E1-44CD-83D3-8A1E9D6CF74E}.Release|Any CPU.Build.0 = Release|Any CPU
		{24DFE0C0-5EAD-42E9-9FA7-D9D013CF9B1E}.Debug|Any CPU.ActiveCfg = Debug|Any CPU
		{24DFE0C0-5EAD-42E9-9FA7-D9D013CF9B1E}.Debug|Any CPU.Build.0 = Debug|Any CPU
		{24DFE0C0-5EAD-42E9-9FA7-D9D013CF9B1E}.Release|Any CPU.ActiveCfg = Release|Any CPU
		{24DFE0C0-5EAD-42E9-9FA7-D9D013CF9B1E}.Release|Any CPU.Build.0 = Release|Any CPU
	EndGlobalSection
	GlobalSection(SolutionProperties) = preSolution
		HideSolutionNode = FALSE
	EndGlobalSection
	GlobalSection(ExtensibilityGlobals) = postSolution
		SolutionGuid = {C9275E82-8DDB-4A57-AC02-0413C167F24F}
	EndGlobalSection
EndGlobal
