
Microsoft Visual Studio Solution File, Format Version 11.00
# Visual Studio 2010
Project("{FAE04EC0-301F-11D3-BF4B-00C04F79EFBC}") = "CrystalBoy.Decompiler", "CrystalBoy.Decompiler\CrystalBoy.Decompiler.csproj", "{B5E59861-198D-4494-9301-B0B4135667DA}"
EndProject
Project("{FAE04EC0-301F-11D3-BF4B-00C04F79EFBC}") = "CrystalBoy.Core.OpcodeTableGenerator", "CrystalBoy.Core.OpcodeTableGenerator\CrystalBoy.Core.OpcodeTableGenerator.csproj", "{64472336-07E7-4879-9A07-A8DD98B763A1}"
EndProject
Project("{FAE04EC0-301F-11D3-BF4B-00C04F79EFBC}") = "CrystalBoy.Core", "CrystalBoy.Core\CrystalBoy.Core.csproj", "{021D266F-0D9F-4FCD-A0A9-25D0823A46B6}"
	ProjectSection(ProjectDependencies) = postProject
		{64472336-07E7-4879-9A07-A8DD98B763A1} = {64472336-07E7-4879-9A07-A8DD98B763A1}
	EndProjectSection
EndProject
Project("{FAE04EC0-301F-11D3-BF4B-00C04F79EFBC}") = "CrystalBoy.Emulator", "CrystalBoy.Emulator\CrystalBoy.Emulator.csproj", "{576E8DDB-67FD-4948-9B83-1C732AAC3175}"
EndProject
Project("{FAE04EC0-301F-11D3-BF4B-00C04F79EFBC}") = "CrystalBoy.Emulation", "CrystalBoy.Emulation\CrystalBoy.Emulation.csproj", "{48489DFD-05FC-4AF5-B238-15912EC77719}"
EndProject
Project("{FAE04EC0-301F-11D3-BF4B-00C04F79EFBC}") = "CrystalBoy.Emulation.Rendering.Direct3D", "CrystalBoy.Emulation.Rendering.Direct3D\CrystalBoy.Emulation.Rendering.Direct3D.csproj", "{090230BA-E06A-40D5-B341-D13AD4E99F84}"
EndProject
Project("{FAE04EC0-301F-11D3-BF4B-00C04F79EFBC}") = "CrystalBoy.Emulation.Rendering.GdiPlus", "CrystalBoy.Emulation.Rendering.GdiPlus\CrystalBoy.Emulation.Rendering.GdiPlus.csproj", "{E4887957-456F-40CB-9835-3CBE38B0B1A5}"
EndProject
Project("{FAE04EC0-301F-11D3-BF4B-00C04F79EFBC}") = "CrystalBoy.Core.BuildMakerDictionary", "CrystalBoy.Core.BuildMakerDictionary\CrystalBoy.Core.BuildMakerDictionary.csproj", "{71B95B4F-60ED-4E17-8F7B-281C8F07DC17}"
EndProject
Project("{FAE04EC0-301F-11D3-BF4B-00C04F79EFBC}") = "CrystalBoy.Emulation.Rendering.SlimDX", "CrystalBoy.Emulation.Rendering.SlimDX\CrystalBoy.Emulation.Rendering.SlimDX.csproj", "{2ADA5555-6AC7-4FE2-BCB3-0C994B7CA279}"
EndProject
Project("{FAE04EC0-301F-11D3-BF4B-00C04F79EFBC}") = "CrystalBoy.Core.Windows.Forms", "CrystalBoy.Core.Windows.Forms\CrystalBoy.Core.Windows.Forms.csproj", "{313CC75C-4F18-40BC-82A2-05A818D460DB}"
EndProject
Project("{2150E333-8FDC-42A3-9474-1A3956D46DE8}") = "Solution Items", "Solution Items", "{145C91F8-4DEC-42D3-B51D-7E7543E8FBCE}"
	ProjectSection(SolutionItems) = preProject
		AssemblyInfo.Common.cs = AssemblyInfo.Common.cs
		CrystalBoy.snk = CrystalBoy.snk
		ReadMe.txt = ReadMe.txt
	EndProjectSection
EndProject
Project("{2150E333-8FDC-42A3-9474-1A3956D46DE8}") = "Documentation", "Documentation", "{F62946A5-1C11-4934-9A97-86E3D34F6EE4}"
	ProjectSection(SolutionItems) = preProject
		Documentation\GBZ80Opcodes.pdf = Documentation\GBZ80Opcodes.pdf
	EndProjectSection
EndProject
Global
	GlobalSection(SolutionConfigurationPlatforms) = preSolution
		Debug|Any CPU = Debug|Any CPU
		Release|Any CPU = Release|Any CPU
	EndGlobalSection
	GlobalSection(ProjectConfigurationPlatforms) = postSolution
		{B5E59861-198D-4494-9301-B0B4135667DA}.Debug|Any CPU.ActiveCfg = Debug|Any CPU
		{B5E59861-198D-4494-9301-B0B4135667DA}.Debug|Any CPU.Build.0 = Debug|Any CPU
		{B5E59861-198D-4494-9301-B0B4135667DA}.Release|Any CPU.ActiveCfg = Release|Any CPU
		{B5E59861-198D-4494-9301-B0B4135667DA}.Release|Any CPU.Build.0 = Release|Any CPU
		{64472336-07E7-4879-9A07-A8DD98B763A1}.Debug|Any CPU.ActiveCfg = Debug|Any CPU
		{64472336-07E7-4879-9A07-A8DD98B763A1}.Debug|Any CPU.Build.0 = Debug|Any CPU
		{64472336-07E7-4879-9A07-A8DD98B763A1}.Release|Any CPU.ActiveCfg = Release|Any CPU
		{64472336-07E7-4879-9A07-A8DD98B763A1}.Release|Any CPU.Build.0 = Release|Any CPU
		{021D266F-0D9F-4FCD-A0A9-25D0823A46B6}.Debug|Any CPU.ActiveCfg = Debug|Any CPU
		{021D266F-0D9F-4FCD-A0A9-25D0823A46B6}.Debug|Any CPU.Build.0 = Debug|Any CPU
		{021D266F-0D9F-4FCD-A0A9-25D0823A46B6}.Release|Any CPU.ActiveCfg = Release|Any CPU
		{021D266F-0D9F-4FCD-A0A9-25D0823A46B6}.Release|Any CPU.Build.0 = Release|Any CPU
		{576E8DDB-67FD-4948-9B83-1C732AAC3175}.Debug|Any CPU.ActiveCfg = Debug|Any CPU
		{576E8DDB-67FD-4948-9B83-1C732AAC3175}.Debug|Any CPU.Build.0 = Debug|Any CPU
		{576E8DDB-67FD-4948-9B83-1C732AAC3175}.Release|Any CPU.ActiveCfg = Release|Any CPU
		{576E8DDB-67FD-4948-9B83-1C732AAC3175}.Release|Any CPU.Build.0 = Release|Any CPU
		{48489DFD-05FC-4AF5-B238-15912EC77719}.Debug|Any CPU.ActiveCfg = Debug|Any CPU
		{48489DFD-05FC-4AF5-B238-15912EC77719}.Debug|Any CPU.Build.0 = Debug|Any CPU
		{48489DFD-05FC-4AF5-B238-15912EC77719}.Release|Any CPU.ActiveCfg = Release|Any CPU
		{48489DFD-05FC-4AF5-B238-15912EC77719}.Release|Any CPU.Build.0 = Release|Any CPU
		{090230BA-E06A-40D5-B341-D13AD4E99F84}.Debug|Any CPU.ActiveCfg = Debug|Any CPU
		{090230BA-E06A-40D5-B341-D13AD4E99F84}.Debug|Any CPU.Build.0 = Debug|Any CPU
		{090230BA-E06A-40D5-B341-D13AD4E99F84}.Release|Any CPU.ActiveCfg = Release|Any CPU
		{090230BA-E06A-40D5-B341-D13AD4E99F84}.Release|Any CPU.Build.0 = Release|Any CPU
		{E4887957-456F-40CB-9835-3CBE38B0B1A5}.Debug|Any CPU.ActiveCfg = Debug|Any CPU
		{E4887957-456F-40CB-9835-3CBE38B0B1A5}.Debug|Any CPU.Build.0 = Debug|Any CPU
		{E4887957-456F-40CB-9835-3CBE38B0B1A5}.Release|Any CPU.ActiveCfg = Release|Any CPU
		{E4887957-456F-40CB-9835-3CBE38B0B1A5}.Release|Any CPU.Build.0 = Release|Any CPU
		{71B95B4F-60ED-4E17-8F7B-281C8F07DC17}.Debug|Any CPU.ActiveCfg = Debug|Any CPU
		{71B95B4F-60ED-4E17-8F7B-281C8F07DC17}.Debug|Any CPU.Build.0 = Debug|Any CPU
		{71B95B4F-60ED-4E17-8F7B-281C8F07DC17}.Release|Any CPU.ActiveCfg = Release|Any CPU
		{71B95B4F-60ED-4E17-8F7B-281C8F07DC17}.Release|Any CPU.Build.0 = Release|Any CPU
		{2ADA5555-6AC7-4FE2-BCB3-0C994B7CA279}.Debug|Any CPU.ActiveCfg = Debug|Any CPU
		{2ADA5555-6AC7-4FE2-BCB3-0C994B7CA279}.Debug|Any CPU.Build.0 = Debug|Any CPU
		{2ADA5555-6AC7-4FE2-BCB3-0C994B7CA279}.Release|Any CPU.ActiveCfg = Release|Any CPU
		{2ADA5555-6AC7-4FE2-BCB3-0C994B7CA279}.Release|Any CPU.Build.0 = Release|Any CPU
		{313CC75C-4F18-40BC-82A2-05A818D460DB}.Debug|Any CPU.ActiveCfg = Debug|Any CPU
		{313CC75C-4F18-40BC-82A2-05A818D460DB}.Debug|Any CPU.Build.0 = Debug|Any CPU
		{313CC75C-4F18-40BC-82A2-05A818D460DB}.Release|Any CPU.ActiveCfg = Release|Any CPU
		{313CC75C-4F18-40BC-82A2-05A818D460DB}.Release|Any CPU.Build.0 = Release|Any CPU
	EndGlobalSection
	GlobalSection(SolutionProperties) = preSolution
		HideSolutionNode = FALSE
	EndGlobalSection
EndGlobal
